{
  "nodes": {
    "nixpkgs": {
      "locked": {
        "lastModified": 1709713399,
        "narHash": "sha256-4QKVH5kYN645qVVFQQbmR5E2pQ7IsUgAi5+1Oxs++DY=",
        "path": "/nix/store/a4vdm1646q6sfdpmii3ihrikv02q037a-source",
        "rev": "0e537bae61f9f3139a96a1b68be0827c18c761a8",
        "type": "path"
      },
      "original": {
        "id": "nixpkgs",
        "type": "indirect"
      }
    },
    "root": {
      "inputs": {
        "nixpkgs": "nixpkgs"
      }
    }
  },
  "root": "root",
  "version": 7
}
